
Microsoft Visual Studio Solution File, Format Version 12.00
# Visual Studio Version 16
VisualStudioVersion = 16.0.31313.79
MinimumVisualStudioVersion = 10.0.40219.1
Project("{FAE04EC0-301F-11D3-BF4B-00C04F79EFBC}") = "TextStatistics", "TextStatistics\TextStatistics.csproj", "{602310F9-7521-4858-A010-18C05FFA02B9}"
EndProject
Global
	GlobalSection(SolutionConfigurationPlatforms) = preSolution
		Debug|Any CPU = Debug|Any CPU
		Release|Any CPU = Release|Any CPU
	EndGlobalSection
	GlobalSection(ProjectConfigurationPlatforms) = postSolution
		{602310F9-7521-4858-A010-18C05FFA02B9}.Debug|Any CPU.ActiveCfg = Debug|Any CPU
		{602310F9-7521-4858-A010-18C05FFA02B9}.Debug|Any CPU.Build.0 = Debug|Any CPU
		{602310F9-7521-4858-A010-18C05FFA02B9}.Release|Any CPU.ActiveCfg = Release|Any CPU
		{602310F9-7521-4858-A010-18C05FFA02B9}.Release|Any CPU.Build.0 = Release|Any CPU
	EndGlobalSection
	GlobalSection(SolutionProperties) = preSolution
		HideSolutionNode = FALSE
	EndGlobalSection
	GlobalSection(ExtensibilityGlobals) = postSolution
		SolutionGuid = {E719550C-F0B9-49EC-B5F1-8E9583538308}
	EndGlobalSection
EndGlobal
